// !$*UTF8*$!
{
	archiveVersion = 1;
	classes = {
	};
	objectVersion = 46;
	objects = {

/* Begin PBXBuildFile section */
		934903CE1EB7CA0500589868 /* ITSwiftStudyApp.xcdatamodeld in Sources */ = {isa = PBXBuildFile; fileRef = 934903CC1EB7CA0500589868 /* ITSwiftStudyApp.xcdatamodeld */; };
		934903D31EB7CAA600589868 /* ITDBImage.swift in Sources */ = {isa = PBXBuildFile; fileRef = 934903CF1EB7CAA600589868 /* ITDBImage.swift */; };
		934903D51EB7CAA600589868 /* ITDBUser.swift in Sources */ = {isa = PBXBuildFile; fileRef = 934903D11EB7CAA600589868 /* ITDBUser.swift */; };
		934903DA1EB7CAEB00589868 /* ITLoginViewController.swift in Sources */ = {isa = PBXBuildFile; fileRef = 934903D81EB7CAEB00589868 /* ITLoginViewController.swift */; };
		934903DB1EB7CAEB00589868 /* ITLoginViewController.xib in Resources */ = {isa = PBXBuildFile; fileRef = 934903D91EB7CAEB00589868 /* ITLoginViewController.xib */; };
		934903DF1EB7CBBD00589868 /* UIWindow+ITExtensions.swift in Sources */ = {isa = PBXBuildFile; fileRef = 934903DE1EB7CBBD00589868 /* UIWindow+ITExtensions.swift */; };
		934903E11EB7D07C00589868 /* ITLoginView.swift in Sources */ = {isa = PBXBuildFile; fileRef = 934903E01EB7D07C00589868 /* ITLoginView.swift */; };
		935A24AC1EB91ED0004719CC /* ITUsersViewController.swift in Sources */ = {isa = PBXBuildFile; fileRef = 935A24AA1EB91ED0004719CC /* ITUsersViewController.swift */; };
		935A24AD1EB91ED0004719CC /* ITUsersViewController.xib in Resources */ = {isa = PBXBuildFile; fileRef = 935A24AB1EB91ED0004719CC /* ITUsersViewController.xib */; };
		935A24AF1EB91EE9004719CC /* ITUsersView.swift in Sources */ = {isa = PBXBuildFile; fileRef = 935A24AE1EB91EE9004719CC /* ITUsersView.swift */; };
		935A24BA1EB9352D004719CC /* ITTableViewCell.swift in Sources */ = {isa = PBXBuildFile; fileRef = 935A24B91EB9352D004719CC /* ITTableViewCell.swift */; };
		935A24C11EB93629004719CC /* ITFBUserCell.swift in Sources */ = {isa = PBXBuildFile; fileRef = 935A24BF1EB93629004719CC /* ITFBUserCell.swift */; };
		935A24C21EB93629004719CC /* ITFBUserCell.xib in Resources */ = {isa = PBXBuildFile; fileRef = 935A24C01EB93629004719CC /* ITFBUserCell.xib */; };
		935A24C51EB936BC004719CC /* UITableView+ITExtensions.swift in Sources */ = {isa = PBXBuildFile; fileRef = 935A24C41EB936BC004719CC /* UITableView+ITExtensions.swift */; };
		935A24CC1EB9C77F004719CC /* NSBundle+ITExtensions.m in Sources */ = {isa = PBXBuildFile; fileRef = 935A24CB1EB9C77F004719CC /* NSBundle+ITExtensions.m */; };
		935A24D01EB9C7B0004719CC /* NSArray+ITExtensions.m in Sources */ = {isa = PBXBuildFile; fileRef = 935A24CF1EB9C7B0004719CC /* NSArray+ITExtensions.m */; };
		935A24D41EB9C81C004719CC /* UINib+ITExtensions.m in Sources */ = {isa = PBXBuildFile; fileRef = 935A24D31EB9C81C004719CC /* UINib+ITExtensions.m */; };
		935A24D81EB9CA15004719CC /* ITJSONRepresentation+ITExtensions.m in Sources */ = {isa = PBXBuildFile; fileRef = 935A24D71EB9CA15004719CC /* ITJSONRepresentation+ITExtensions.m */; };
		935A24DC1EB9CB36004719CC /* ITFBConstants.m in Sources */ = {isa = PBXBuildFile; fileRef = 935A24DB1EB9CB36004719CC /* ITFBConstants.m */; };
		935A24E41EB9CB71004719CC /* ITBlockVariablesMacro.m in Sources */ = {isa = PBXBuildFile; fileRef = 935A24DF1EB9CB71004719CC /* ITBlockVariablesMacro.m */; };
		935A24E51EB9CB71004719CC /* ITCompilerMacro.m in Sources */ = {isa = PBXBuildFile; fileRef = 935A24E11EB9CB71004719CC /* ITCompilerMacro.m */; };
		935A24E61EB9CB71004719CC /* ITMacro.m in Sources */ = {isa = PBXBuildFile; fileRef = 935A24E31EB9CB71004719CC /* ITMacro.m */; };
		935A24E91EBB1CD0004719CC /* ITImageModel.swift in Sources */ = {isa = PBXBuildFile; fileRef = 935A24E81EBB1CD0004719CC /* ITImageModel.swift */; };
		935A24F01EBB1EF2004719CC /* ITObjectCache.swift in Sources */ = {isa = PBXBuildFile; fileRef = 935A24EF1EBB1EF2004719CC /* ITObjectCache.swift */; };
		935A24F31EBB2438004719CC /* ITDispatch+ITExtensions.swift in Sources */ = {isa = PBXBuildFile; fileRef = 935A24F21EBB2438004719CC /* ITDispatch+ITExtensions.swift */; };
		935A24FA1EBD02FA004719CC /* NSString+ITExtensions.swift in Sources */ = {isa = PBXBuildFile; fileRef = 935A24F91EBD02FA004719CC /* NSString+ITExtensions.swift */; };
		935A24FC1EBD030C004719CC /* FileManager+ITExtensions.swift in Sources */ = {isa = PBXBuildFile; fileRef = 935A24FB1EBD030C004719CC /* FileManager+ITExtensions.swift */; };
		935A25001EBE17E8004719CC /* ITView.swift in Sources */ = {isa = PBXBuildFile; fileRef = 935A24FF1EBE17E8004719CC /* ITView.swift */; };
		935A25021EBE17FB004719CC /* ITImageView.swift in Sources */ = {isa = PBXBuildFile; fileRef = 935A25011EBE17FB004719CC /* ITImageView.swift */; };
		935A25051EBE182F004719CC /* ITLoadingView.swift in Sources */ = {isa = PBXBuildFile; fileRef = 935A25041EBE182F004719CC /* ITLoadingView.swift */; };
		935A25071EBE18D9004719CC /* ITLoadingView.xib in Resources */ = {isa = PBXBuildFile; fileRef = 935A25061EBE18D9004719CC /* ITLoadingView.xib */; };
		935A250A1EBE1A86004719CC /* Bundle+ITExtensions.swift in Sources */ = {isa = PBXBuildFile; fileRef = 935A25091EBE1A86004719CC /* Bundle+ITExtensions.swift */; };
		935A250D1EBE2037004719CC /* UIView+ITExtensions.swift in Sources */ = {isa = PBXBuildFile; fileRef = 935A250C1EBE2037004719CC /* UIView+ITExtensions.swift */; };
		935A25101EBE266D004719CC /* Array+ITExtensions.swift in Sources */ = {isa = PBXBuildFile; fileRef = 935A250F1EBE266D004719CC /* Array+ITExtensions.swift */; };
		93B469511EB7C1830080C4F5 /* AppDelegate.swift in Sources */ = {isa = PBXBuildFile; fileRef = 93B469501EB7C1830080C4F5 /* AppDelegate.swift */; };
		93B4696C1EB7C4310080C4F5 /* Assets.xcassets in Resources */ = {isa = PBXBuildFile; fileRef = 93B469631EB7C4310080C4F5 /* Assets.xcassets */; };
		93B4696D1EB7C4310080C4F5 /* LaunchScreen.storyboard in Resources */ = {isa = PBXBuildFile; fileRef = 93B469641EB7C4310080C4F5 /* LaunchScreen.storyboard */; };
		BDC3016EDAFE1DFBA24F9030 /* Pods_ITSwiftStudy.framework in Frameworks */ = {isa = PBXBuildFile; fileRef = ACC627F77454E1517B59D58F /* Pods_ITSwiftStudy.framework */; };
/* End PBXBuildFile section */

/* Begin PBXFileReference section */
		934903CD1EB7CA0500589868 /* ITSwiftStudyApp.xcdatamodel */ = {isa = PBXFileReference; lastKnownFileType = wrapper.xcdatamodel; path = ITSwiftStudyApp.xcdatamodel; sourceTree = "<group>"; };
		934903CF1EB7CAA600589868 /* ITDBImage.swift */ = {isa = PBXFileReference; fileEncoding = 4; lastKnownFileType = sourcecode.swift; path = ITDBImage.swift; sourceTree = "<group>"; };
		934903D11EB7CAA600589868 /* ITDBUser.swift */ = {isa = PBXFileReference; fileEncoding = 4; lastKnownFileType = sourcecode.swift; path = ITDBUser.swift; sourceTree = "<group>"; };
		934903D81EB7CAEB00589868 /* ITLoginViewController.swift */ = {isa = PBXFileReference; fileEncoding = 4; lastKnownFileType = sourcecode.swift; path = ITLoginViewController.swift; sourceTree = "<group>"; };
		934903D91EB7CAEB00589868 /* ITLoginViewController.xib */ = {isa = PBXFileReference; fileEncoding = 4; lastKnownFileType = file.xib; path = ITLoginViewController.xib; sourceTree = "<group>"; };
		934903DE1EB7CBBD00589868 /* UIWindow+ITExtensions.swift */ = {isa = PBXFileReference; fileEncoding = 4; lastKnownFileType = sourcecode.swift; path = "UIWindow+ITExtensions.swift"; sourceTree = "<group>"; };
		934903E01EB7D07C00589868 /* ITLoginView.swift */ = {isa = PBXFileReference; fileEncoding = 4; lastKnownFileType = sourcecode.swift; path = ITLoginView.swift; sourceTree = "<group>"; };
		935A24AA1EB91ED0004719CC /* ITUsersViewController.swift */ = {isa = PBXFileReference; fileEncoding = 4; lastKnownFileType = sourcecode.swift; path = ITUsersViewController.swift; sourceTree = "<group>"; };
		935A24AB1EB91ED0004719CC /* ITUsersViewController.xib */ = {isa = PBXFileReference; fileEncoding = 4; lastKnownFileType = file.xib; path = ITUsersViewController.xib; sourceTree = "<group>"; };
		935A24AE1EB91EE9004719CC /* ITUsersView.swift */ = {isa = PBXFileReference; fileEncoding = 4; lastKnownFileType = sourcecode.swift; path = ITUsersView.swift; sourceTree = "<group>"; };
		935A24B91EB9352D004719CC /* ITTableViewCell.swift */ = {isa = PBXFileReference; fileEncoding = 4; lastKnownFileType = sourcecode.swift; path = ITTableViewCell.swift; sourceTree = "<group>"; };
		935A24BF1EB93629004719CC /* ITFBUserCell.swift */ = {isa = PBXFileReference; fileEncoding = 4; lastKnownFileType = sourcecode.swift; path = ITFBUserCell.swift; sourceTree = "<group>"; };
		935A24C01EB93629004719CC /* ITFBUserCell.xib */ = {isa = PBXFileReference; fileEncoding = 4; lastKnownFileType = file.xib; path = ITFBUserCell.xib; sourceTree = "<group>"; };
		935A24C41EB936BC004719CC /* UITableView+ITExtensions.swift */ = {isa = PBXFileReference; fileEncoding = 4; lastKnownFileType = sourcecode.swift; path = "UITableView+ITExtensions.swift"; sourceTree = "<group>"; };
		935A24CA1EB9C77F004719CC /* NSBundle+ITExtensions.h */ = {isa = PBXFileReference; fileEncoding = 4; lastKnownFileType = sourcecode.c.h; path = "NSBundle+ITExtensions.h"; sourceTree = "<group>"; };
		935A24CB1EB9C77F004719CC /* NSBundle+ITExtensions.m */ = {isa = PBXFileReference; fileEncoding = 4; lastKnownFileType = sourcecode.c.objc; path = "NSBundle+ITExtensions.m"; sourceTree = "<group>"; };
		935A24CE1EB9C7B0004719CC /* NSArray+ITExtensions.h */ = {isa = PBXFileReference; fileEncoding = 4; lastKnownFileType = sourcecode.c.h; path = "NSArray+ITExtensions.h"; sourceTree = "<group>"; };
		935A24CF1EB9C7B0004719CC /* NSArray+ITExtensions.m */ = {isa = PBXFileReference; fileEncoding = 4; lastKnownFileType = sourcecode.c.objc; path = "NSArray+ITExtensions.m"; sourceTree = "<group>"; };
		935A24D21EB9C81C004719CC /* UINib+ITExtensions.h */ = {isa = PBXFileReference; fileEncoding = 4; lastKnownFileType = sourcecode.c.h; path = "UINib+ITExtensions.h"; sourceTree = "<group>"; };
		935A24D31EB9C81C004719CC /* UINib+ITExtensions.m */ = {isa = PBXFileReference; fileEncoding = 4; lastKnownFileType = sourcecode.c.objc; path = "UINib+ITExtensions.m"; sourceTree = "<group>"; };
		935A24D61EB9CA15004719CC /* ITJSONRepresentation+ITExtensions.h */ = {isa = PBXFileReference; fileEncoding = 4; lastKnownFileType = sourcecode.c.h; path = "ITJSONRepresentation+ITExtensions.h"; sourceTree = "<group>"; };
		935A24D71EB9CA15004719CC /* ITJSONRepresentation+ITExtensions.m */ = {isa = PBXFileReference; fileEncoding = 4; lastKnownFileType = sourcecode.c.objc; path = "ITJSONRepresentation+ITExtensions.m"; sourceTree = "<group>"; };
		935A24DA1EB9CB36004719CC /* ITFBConstants.h */ = {isa = PBXFileReference; fileEncoding = 4; lastKnownFileType = sourcecode.c.h; path = ITFBConstants.h; sourceTree = "<group>"; };
		935A24DB1EB9CB36004719CC /* ITFBConstants.m */ = {isa = PBXFileReference; fileEncoding = 4; lastKnownFileType = sourcecode.c.objc; path = ITFBConstants.m; sourceTree = "<group>"; };
		935A24DE1EB9CB71004719CC /* ITBlockVariablesMacro.h */ = {isa = PBXFileReference; fileEncoding = 4; lastKnownFileType = sourcecode.c.h; path = ITBlockVariablesMacro.h; sourceTree = "<group>"; };
		935A24DF1EB9CB71004719CC /* ITBlockVariablesMacro.m */ = {isa = PBXFileReference; fileEncoding = 4; lastKnownFileType = sourcecode.c.objc; path = ITBlockVariablesMacro.m; sourceTree = "<group>"; };
		935A24E01EB9CB71004719CC /* ITCompilerMacro.h */ = {isa = PBXFileReference; fileEncoding = 4; lastKnownFileType = sourcecode.c.h; path = ITCompilerMacro.h; sourceTree = "<group>"; };
		935A24E11EB9CB71004719CC /* ITCompilerMacro.m */ = {isa = PBXFileReference; fileEncoding = 4; lastKnownFileType = sourcecode.c.objc; path = ITCompilerMacro.m; sourceTree = "<group>"; };
		935A24E21EB9CB71004719CC /* ITMacro.h */ = {isa = PBXFileReference; fileEncoding = 4; lastKnownFileType = sourcecode.c.h; path = ITMacro.h; sourceTree = "<group>"; };
		935A24E31EB9CB71004719CC /* ITMacro.m */ = {isa = PBXFileReference; fileEncoding = 4; lastKnownFileType = sourcecode.c.objc; path = ITMacro.m; sourceTree = "<group>"; };
		935A24E81EBB1CD0004719CC /* ITImageModel.swift */ = {isa = PBXFileReference; fileEncoding = 4; lastKnownFileType = sourcecode.swift; path = ITImageModel.swift; sourceTree = "<group>"; };
		935A24EF1EBB1EF2004719CC /* ITObjectCache.swift */ = {isa = PBXFileReference; fileEncoding = 4; lastKnownFileType = sourcecode.swift; path = ITObjectCache.swift; sourceTree = "<group>"; };
		935A24F21EBB2438004719CC /* ITDispatch+ITExtensions.swift */ = {isa = PBXFileReference; fileEncoding = 4; lastKnownFileType = sourcecode.swift; path = "ITDispatch+ITExtensions.swift"; sourceTree = "<group>"; };
		935A24F91EBD02FA004719CC /* NSString+ITExtensions.swift */ = {isa = PBXFileReference; fileEncoding = 4; lastKnownFileType = sourcecode.swift; path = "NSString+ITExtensions.swift"; sourceTree = "<group>"; };
		935A24FB1EBD030C004719CC /* FileManager+ITExtensions.swift */ = {isa = PBXFileReference; fileEncoding = 4; lastKnownFileType = sourcecode.swift; path = "FileManager+ITExtensions.swift"; sourceTree = "<group>"; };
		935A24FF1EBE17E8004719CC /* ITView.swift */ = {isa = PBXFileReference; fileEncoding = 4; lastKnownFileType = sourcecode.swift; path = ITView.swift; sourceTree = "<group>"; };
		935A25011EBE17FB004719CC /* ITImageView.swift */ = {isa = PBXFileReference; fileEncoding = 4; lastKnownFileType = sourcecode.swift; path = ITImageView.swift; sourceTree = "<group>"; };
		935A25041EBE182F004719CC /* ITLoadingView.swift */ = {isa = PBXFileReference; fileEncoding = 4; lastKnownFileType = sourcecode.swift; path = ITLoadingView.swift; sourceTree = "<group>"; };
		935A25061EBE18D9004719CC /* ITLoadingView.xib */ = {isa = PBXFileReference; fileEncoding = 4; lastKnownFileType = file.xib; path = ITLoadingView.xib; sourceTree = "<group>"; };
		935A25091EBE1A86004719CC /* Bundle+ITExtensions.swift */ = {isa = PBXFileReference; fileEncoding = 4; lastKnownFileType = sourcecode.swift; path = "Bundle+ITExtensions.swift"; sourceTree = "<group>"; };
		935A250C1EBE2037004719CC /* UIView+ITExtensions.swift */ = {isa = PBXFileReference; fileEncoding = 4; lastKnownFileType = sourcecode.swift; path = "UIView+ITExtensions.swift"; sourceTree = "<group>"; };
		935A250F1EBE266D004719CC /* Array+ITExtensions.swift */ = {isa = PBXFileReference; fileEncoding = 4; lastKnownFileType = sourcecode.swift; path = "Array+ITExtensions.swift"; sourceTree = "<group>"; };
		93B4694D1EB7C1830080C4F5 /* ITSwiftStudy.app */ = {isa = PBXFileReference; explicitFileType = wrapper.application; includeInIndex = 0; path = ITSwiftStudy.app; sourceTree = BUILT_PRODUCTS_DIR; };
		93B469501EB7C1830080C4F5 /* AppDelegate.swift */ = {isa = PBXFileReference; lastKnownFileType = sourcecode.swift; path = AppDelegate.swift; sourceTree = "<group>"; };
		93B4695C1EB7C1830080C4F5 /* Info.plist */ = {isa = PBXFileReference; lastKnownFileType = text.plist.xml; path = Info.plist; sourceTree = "<group>"; };
		93B469631EB7C4310080C4F5 /* Assets.xcassets */ = {isa = PBXFileReference; lastKnownFileType = folder.assetcatalog; path = Assets.xcassets; sourceTree = "<group>"; };
		93B469651EB7C4310080C4F5 /* Base */ = {isa = PBXFileReference; lastKnownFileType = file.storyboard; name = Base; path = Base.lproj/LaunchScreen.storyboard; sourceTree = "<group>"; };
		93B4696F1EB7C5810080C4F5 /* ITSwiftStudy-Bridging-Header.h */ = {isa = PBXFileReference; lastKnownFileType = sourcecode.c.h; path = "ITSwiftStudy-Bridging-Header.h"; sourceTree = "<group>"; };
		ACC627F77454E1517B59D58F /* Pods_ITSwiftStudy.framework */ = {isa = PBXFileReference; explicitFileType = wrapper.framework; includeInIndex = 0; path = Pods_ITSwiftStudy.framework; sourceTree = BUILT_PRODUCTS_DIR; };
		CE7E9CA10A112878D8B5C53B /* Pods-ITSwiftStudy.debug.xcconfig */ = {isa = PBXFileReference; includeInIndex = 1; lastKnownFileType = text.xcconfig; name = "Pods-ITSwiftStudy.debug.xcconfig"; path = "Pods/Target Support Files/Pods-ITSwiftStudy/Pods-ITSwiftStudy.debug.xcconfig"; sourceTree = "<group>"; };
		EEB36CF558C795F9E52A81F6 /* Pods-ITSwiftStudy.release.xcconfig */ = {isa = PBXFileReference; includeInIndex = 1; lastKnownFileType = text.xcconfig; name = "Pods-ITSwiftStudy.release.xcconfig"; path = "Pods/Target Support Files/Pods-ITSwiftStudy/Pods-ITSwiftStudy.release.xcconfig"; sourceTree = "<group>"; };
/* End PBXFileReference section */

/* Begin PBXFrameworksBuildPhase section */
		93B4694A1EB7C1830080C4F5 /* Frameworks */ = {
			isa = PBXFrameworksBuildPhase;
			buildActionMask = 2147483647;
			files = (
				BDC3016EDAFE1DFBA24F9030 /* Pods_ITSwiftStudy.framework in Frameworks */,
			);
			runOnlyForDeploymentPostprocessing = 0;
		};
/* End PBXFrameworksBuildPhase section */

/* Begin PBXGroup section */
		44487BC366CE8BDA373F8F7C /* Pods */ = {
			isa = PBXGroup;
			children = (
				CE7E9CA10A112878D8B5C53B /* Pods-ITSwiftStudy.debug.xcconfig */,
				EEB36CF558C795F9E52A81F6 /* Pods-ITSwiftStudy.release.xcconfig */,
			);
			name = Pods;
			sourceTree = "<group>";
		};
		934903CB1EB7C9F900589868 /* CoreData */ = {
			isa = PBXGroup;
			children = (
				934903D11EB7CAA600589868 /* ITDBUser.swift */,
				934903CF1EB7CAA600589868 /* ITDBImage.swift */,
				934903CC1EB7CA0500589868 /* ITSwiftStudyApp.xcdatamodeld */,
			);
			path = CoreData;
			sourceTree = "<group>";
		};
		934903D71EB7CAD600589868 /* ITLoginViewController */ = {
			isa = PBXGroup;
			children = (
				934903E01EB7D07C00589868 /* ITLoginView.swift */,
				934903D81EB7CAEB00589868 /* ITLoginViewController.swift */,
				934903D91EB7CAEB00589868 /* ITLoginViewController.xib */,
			);
			path = ITLoginViewController;
			sourceTree = "<group>";
		};
		934903DC1EB7CBA000589868 /* Categories */ = {
			isa = PBXGroup;
			children = (
				935A250E1EBE265D004719CC /* Array+ITExtensions */,
				935A24F81EBD02FA004719CC /* String+ITExtensions */,
				935A24F71EBD02E5004719CC /* FileManager+ITExtensions */,
				935A24F11EBB240E004719CC /* ITDispatch+ITExtensions */,
				935A24D51EB9CA15004719CC /* ITJSONRepresentation */,
				935A24D11EB9C81C004719CC /* UINib+ITExtensions */,
				935A24CD1EB9C7B0004719CC /* NSArray+ITExtensions */,
				935A24C91EB9C77F004719CC /* NSBundle+ITExtensions */,
				935A24C31EB9369E004719CC /* UITableView+ITExtensions */,
				934903DD1EB7CBA000589868 /* UIWindow+ITExtensions */,
				935A25081EBE1A77004719CC /* Bundle+ITExtensions */,
				935A250B1EBE2028004719CC /* UIView+ITExtensions */,
			);
			path = Categories;
			sourceTree = "<group>";
		};
		934903DD1EB7CBA000589868 /* UIWindow+ITExtensions */ = {
			isa = PBXGroup;
			children = (
				934903DE1EB7CBBD00589868 /* UIWindow+ITExtensions.swift */,
			);
			path = "UIWindow+ITExtensions";
			sourceTree = "<group>";
		};
		935A24A91EB91EBB004719CC /* ITUsersViewController */ = {
			isa = PBXGroup;
			children = (
				935A24AE1EB91EE9004719CC /* ITUsersView.swift */,
				935A24AA1EB91ED0004719CC /* ITUsersViewController.swift */,
				935A24AB1EB91ED0004719CC /* ITUsersViewController.xib */,
				935A24B31EB93487004719CC /* Views */,
			);
			path = ITUsersViewController;
			sourceTree = "<group>";
		};
		935A24B01EB933EB004719CC /* Views */ = {
			isa = PBXGroup;
			children = (
				935A25031EBE181B004719CC /* ITLoadingView */,
				935A24FE1EBE17CB004719CC /* ITView */,
				935A24FD1EBE17AD004719CC /* ITImageView */,
			);
			path = Views;
			sourceTree = "<group>";
		};
		935A24B31EB93487004719CC /* Views */ = {
			isa = PBXGroup;
			children = (
				935A24B41EB934AD004719CC /* ITFBUserCell */,
			);
			path = Views;
			sourceTree = "<group>";
		};
		935A24B41EB934AD004719CC /* ITFBUserCell */ = {
			isa = PBXGroup;
			children = (
				935A24BF1EB93629004719CC /* ITFBUserCell.swift */,
				935A24C01EB93629004719CC /* ITFBUserCell.xib */,
			);
			path = ITFBUserCell;
			sourceTree = "<group>";
		};
		935A24B71EB9352D004719CC /* Classes */ = {
			isa = PBXGroup;
			children = (
				935A24EE1EBB1ED8004719CC /* ITObjectCache */,
				935A24E71EBB1C95004719CC /* ITImageModel */,
				935A24B81EB9352D004719CC /* ITTableViewCell */,
			);
			path = Classes;
			sourceTree = "<group>";
		};
		935A24B81EB9352D004719CC /* ITTableViewCell */ = {
			isa = PBXGroup;
			children = (
				935A24B91EB9352D004719CC /* ITTableViewCell.swift */,
			);
			path = ITTableViewCell;
			sourceTree = "<group>";
		};
		935A24C31EB9369E004719CC /* UITableView+ITExtensions */ = {
			isa = PBXGroup;
			children = (
				935A24C41EB936BC004719CC /* UITableView+ITExtensions.swift */,
			);
			path = "UITableView+ITExtensions";
			sourceTree = "<group>";
		};
		935A24C91EB9C77F004719CC /* NSBundle+ITExtensions */ = {
			isa = PBXGroup;
			children = (
				935A24CA1EB9C77F004719CC /* NSBundle+ITExtensions.h */,
				935A24CB1EB9C77F004719CC /* NSBundle+ITExtensions.m */,
			);
			path = "NSBundle+ITExtensions";
			sourceTree = "<group>";
		};
		935A24CD1EB9C7B0004719CC /* NSArray+ITExtensions */ = {
			isa = PBXGroup;
			children = (
				935A24CE1EB9C7B0004719CC /* NSArray+ITExtensions.h */,
				935A24CF1EB9C7B0004719CC /* NSArray+ITExtensions.m */,
			);
			path = "NSArray+ITExtensions";
			sourceTree = "<group>";
		};
		935A24D11EB9C81C004719CC /* UINib+ITExtensions */ = {
			isa = PBXGroup;
			children = (
				935A24D21EB9C81C004719CC /* UINib+ITExtensions.h */,
				935A24D31EB9C81C004719CC /* UINib+ITExtensions.m */,
			);
			path = "UINib+ITExtensions";
			sourceTree = "<group>";
		};
		935A24D51EB9CA15004719CC /* ITJSONRepresentation */ = {
			isa = PBXGroup;
			children = (
				935A24D61EB9CA15004719CC /* ITJSONRepresentation+ITExtensions.h */,
				935A24D71EB9CA15004719CC /* ITJSONRepresentation+ITExtensions.m */,
			);
			path = ITJSONRepresentation;
			sourceTree = "<group>";
		};
		935A24D91EB9CB06004719CC /* Helpers */ = {
			isa = PBXGroup;
			children = (
				935A24DA1EB9CB36004719CC /* ITFBConstants.h */,
				935A24DB1EB9CB36004719CC /* ITFBConstants.m */,
			);
			path = Helpers;
			sourceTree = "<group>";
		};
		935A24DD1EB9CB71004719CC /* Macros */ = {
			isa = PBXGroup;
			children = (
				935A24DE1EB9CB71004719CC /* ITBlockVariablesMacro.h */,
				935A24DF1EB9CB71004719CC /* ITBlockVariablesMacro.m */,
				935A24E01EB9CB71004719CC /* ITCompilerMacro.h */,
				935A24E11EB9CB71004719CC /* ITCompilerMacro.m */,
				935A24E21EB9CB71004719CC /* ITMacro.h */,
				935A24E31EB9CB71004719CC /* ITMacro.m */,
			);
			path = Macros;
			sourceTree = "<group>";
		};
		935A24E71EBB1C95004719CC /* ITImageModel */ = {
			isa = PBXGroup;
			children = (
				935A24E81EBB1CD0004719CC /* ITImageModel.swift */,
			);
			path = ITImageModel;
			sourceTree = "<group>";
		};
		935A24EE1EBB1ED8004719CC /* ITObjectCache */ = {
			isa = PBXGroup;
			children = (
				935A24EF1EBB1EF2004719CC /* ITObjectCache.swift */,
			);
			path = ITObjectCache;
			sourceTree = "<group>";
		};
		935A24F11EBB240E004719CC /* ITDispatch+ITExtensions */ = {
			isa = PBXGroup;
			children = (
				935A24F21EBB2438004719CC /* ITDispatch+ITExtensions.swift */,
			);
			path = "ITDispatch+ITExtensions";
			sourceTree = "<group>";
		};
		935A24F71EBD02E5004719CC /* FileManager+ITExtensions */ = {
			isa = PBXGroup;
			children = (
				935A24FB1EBD030C004719CC /* FileManager+ITExtensions.swift */,
			);
			path = "FileManager+ITExtensions";
			sourceTree = "<group>";
		};
		935A24F81EBD02FA004719CC /* String+ITExtensions */ = {
			isa = PBXGroup;
			children = (
				935A24F91EBD02FA004719CC /* NSString+ITExtensions.swift */,
			);
			path = "String+ITExtensions";
			sourceTree = "<group>";
		};
		935A24FD1EBE17AD004719CC /* ITImageView */ = {
			isa = PBXGroup;
			children = (
				935A25011EBE17FB004719CC /* ITImageView.swift */,
			);
			path = ITImageView;
			sourceTree = "<group>";
		};
		935A24FE1EBE17CB004719CC /* ITView */ = {
			isa = PBXGroup;
			children = (
				935A24FF1EBE17E8004719CC /* ITView.swift */,
			);
			path = ITView;
			sourceTree = "<group>";
		};
		935A25031EBE181B004719CC /* ITLoadingView */ = {
			isa = PBXGroup;
			children = (
				935A25041EBE182F004719CC /* ITLoadingView.swift */,
				935A25061EBE18D9004719CC /* ITLoadingView.xib */,
			);
			path = ITLoadingView;
			sourceTree = "<group>";
		};
		935A25081EBE1A77004719CC /* Bundle+ITExtensions */ = {
			isa = PBXGroup;
			children = (
				935A25091EBE1A86004719CC /* Bundle+ITExtensions.swift */,
			);
			path = "Bundle+ITExtensions";
			sourceTree = "<group>";
		};
		935A250B1EBE2028004719CC /* UIView+ITExtensions */ = {
			isa = PBXGroup;
			children = (
				935A250C1EBE2037004719CC /* UIView+ITExtensions.swift */,
			);
			path = "UIView+ITExtensions";
			sourceTree = "<group>";
		};
		935A250E1EBE265D004719CC /* Array+ITExtensions */ = {
			isa = PBXGroup;
			children = (
				935A250F1EBE266D004719CC /* Array+ITExtensions.swift */,
			);
			path = "Array+ITExtensions";
			sourceTree = "<group>";
		};
		93B469441EB7C1830080C4F5 = {
			isa = PBXGroup;
			children = (
				93B469681EB7C4310080C4F5 /* Source */,
				93B469621EB7C4310080C4F5 /* Resources */,
				93B4694F1EB7C1830080C4F5 /* ITSwiftStudy */,
				93B4694E1EB7C1830080C4F5 /* Products */,
				44487BC366CE8BDA373F8F7C /* Pods */,
				EA4DE505689096094B155FC4 /* Frameworks */,
			);
			sourceTree = "<group>";
		};
		93B4694E1EB7C1830080C4F5 /* Products */ = {
			isa = PBXGroup;
			children = (
				93B4694D1EB7C1830080C4F5 /* ITSwiftStudy.app */,
			);
			name = Products;
			sourceTree = "<group>";
		};
		93B4694F1EB7C1830080C4F5 /* ITSwiftStudy */ = {
			isa = PBXGroup;
			children = (
				93B469501EB7C1830080C4F5 /* AppDelegate.swift */,
				93B4695C1EB7C1830080C4F5 /* Info.plist */,
				93B4696F1EB7C5810080C4F5 /* ITSwiftStudy-Bridging-Header.h */,
			);
			path = ITSwiftStudy;
			sourceTree = "<group>";
		};
		93B469621EB7C4310080C4F5 /* Resources */ = {
			isa = PBXGroup;
			children = (
				93B469631EB7C4310080C4F5 /* Assets.xcassets */,
				93B469641EB7C4310080C4F5 /* LaunchScreen.storyboard */,
			);
			path = Resources;
			sourceTree = "<group>";
		};
		93B469681EB7C4310080C4F5 /* Source */ = {
			isa = PBXGroup;
			children = (
				93B469691EB7C4310080C4F5 /* Library */,
				93B4696A1EB7C4310080C4F5 /* Models */,
				93B4696B1EB7C4310080C4F5 /* UI */,
			);
			path = Source;
			sourceTree = "<group>";
		};
		93B469691EB7C4310080C4F5 /* Library */ = {
			isa = PBXGroup;
			children = (
				934903DC1EB7CBA000589868 /* Categories */,
				935A24B71EB9352D004719CC /* Classes */,
				935A24DD1EB9CB71004719CC /* Macros */,
				935A24D91EB9CB06004719CC /* Helpers */,
			);
			path = Library;
			sourceTree = "<group>";
		};
		93B4696A1EB7C4310080C4F5 /* Models */ = {
			isa = PBXGroup;
			children = (
				934903CB1EB7C9F900589868 /* CoreData */,
			);
			path = Models;
			sourceTree = "<group>";
		};
		93B4696B1EB7C4310080C4F5 /* UI */ = {
			isa = PBXGroup;
			children = (
				935A24A91EB91EBB004719CC /* ITUsersViewController */,
				934903D71EB7CAD600589868 /* ITLoginViewController */,
				935A24B01EB933EB004719CC /* Views */,
			);
			path = UI;
			sourceTree = "<group>";
		};
		EA4DE505689096094B155FC4 /* Frameworks */ = {
			isa = PBXGroup;
			children = (
				ACC627F77454E1517B59D58F /* Pods_ITSwiftStudy.framework */,
			);
			name = Frameworks;
			sourceTree = "<group>";
		};
/* End PBXGroup section */

/* Begin PBXNativeTarget section */
		93B4694C1EB7C1830080C4F5 /* ITSwiftStudy */ = {
			isa = PBXNativeTarget;
			buildConfigurationList = 93B4695F1EB7C1830080C4F5 /* Build configuration list for PBXNativeTarget "ITSwiftStudy" */;
			buildPhases = (
				85545D80F48B7B3358B2F741 /* [CP] Check Pods Manifest.lock */,
				93B469491EB7C1830080C4F5 /* Sources */,
				93B4694A1EB7C1830080C4F5 /* Frameworks */,
				93B4694B1EB7C1830080C4F5 /* Resources */,
				FDB82B561DADC35BCCAE1DD9 /* [CP] Embed Pods Frameworks */,
				F042103DD3DF95A6C4BC9569 /* [CP] Copy Pods Resources */,
			);
			buildRules = (
			);
			dependencies = (
			);
			name = ITSwiftStudy;
			productName = ITSwiftStudy;
			productReference = 93B4694D1EB7C1830080C4F5 /* ITSwiftStudy.app */;
			productType = "com.apple.product-type.application";
		};
/* End PBXNativeTarget section */

/* Begin PBXProject section */
		93B469451EB7C1830080C4F5 /* Project object */ = {
			isa = PBXProject;
			attributes = {
				LastSwiftUpdateCheck = 0830;
				LastUpgradeCheck = 0830;
				ORGANIZATIONNAME = "Ivan Tsyganok";
				TargetAttributes = {
					93B4694C1EB7C1830080C4F5 = {
						CreatedOnToolsVersion = 8.3.2;
						DevelopmentTeam = 2TPE62FV94;
						LastSwiftMigration = 0830;
						ProvisioningStyle = Automatic;
					};
				};
			};
			buildConfigurationList = 93B469481EB7C1830080C4F5 /* Build configuration list for PBXProject "ITSwiftStudy" */;
			compatibilityVersion = "Xcode 3.2";
			developmentRegion = English;
			hasScannedForEncodings = 0;
			knownRegions = (
				en,
				Base,
			);
			mainGroup = 93B469441EB7C1830080C4F5;
			productRefGroup = 93B4694E1EB7C1830080C4F5 /* Products */;
			projectDirPath = "";
			projectRoot = "";
			targets = (
				93B4694C1EB7C1830080C4F5 /* ITSwiftStudy */,
			);
		};
/* End PBXProject section */

/* Begin PBXResourcesBuildPhase section */
		93B4694B1EB7C1830080C4F5 /* Resources */ = {
			isa = PBXResourcesBuildPhase;
			buildActionMask = 2147483647;
			files = (
				935A24AD1EB91ED0004719CC /* ITUsersViewController.xib in Resources */,
				93B4696C1EB7C4310080C4F5 /* Assets.xcassets in Resources */,
				935A24C21EB93629004719CC /* ITFBUserCell.xib in Resources */,
				93B4696D1EB7C4310080C4F5 /* LaunchScreen.storyboard in Resources */,
				935A25071EBE18D9004719CC /* ITLoadingView.xib in Resources */,
				934903DB1EB7CAEB00589868 /* ITLoginViewController.xib in Resources */,
			);
			runOnlyForDeploymentPostprocessing = 0;
		};
/* End PBXResourcesBuildPhase section */

/* Begin PBXShellScriptBuildPhase section */
		85545D80F48B7B3358B2F741 /* [CP] Check Pods Manifest.lock */ = {
			isa = PBXShellScriptBuildPhase;
			buildActionMask = 2147483647;
			files = (
			);
			inputPaths = (
			);
			name = "[CP] Check Pods Manifest.lock";
			outputPaths = (
			);
			runOnlyForDeploymentPostprocessing = 0;
			shellPath = /bin/sh;
			shellScript = "diff \"${PODS_ROOT}/../Podfile.lock\" \"${PODS_ROOT}/Manifest.lock\" > /dev/null\nif [ $? != 0 ] ; then\n    # print error to STDERR\n    echo \"error: The sandbox is not in sync with the Podfile.lock. Run 'pod install' or update your CocoaPods installation.\" >&2\n    exit 1\nfi\n";
			showEnvVarsInLog = 0;
		};
		F042103DD3DF95A6C4BC9569 /* [CP] Copy Pods Resources */ = {
			isa = PBXShellScriptBuildPhase;
			buildActionMask = 2147483647;
			files = (
			);
			inputPaths = (
			);
			name = "[CP] Copy Pods Resources";
			outputPaths = (
			);
			runOnlyForDeploymentPostprocessing = 0;
			shellPath = /bin/sh;
			shellScript = "\"${SRCROOT}/Pods/Target Support Files/Pods-ITSwiftStudy/Pods-ITSwiftStudy-resources.sh\"\n";
			showEnvVarsInLog = 0;
		};
		FDB82B561DADC35BCCAE1DD9 /* [CP] Embed Pods Frameworks */ = {
			isa = PBXShellScriptBuildPhase;
			buildActionMask = 2147483647;
			files = (
			);
			inputPaths = (
			);
			name = "[CP] Embed Pods Frameworks";
			outputPaths = (
			);
			runOnlyForDeploymentPostprocessing = 0;
			shellPath = /bin/sh;
			shellScript = "\"${SRCROOT}/Pods/Target Support Files/Pods-ITSwiftStudy/Pods-ITSwiftStudy-frameworks.sh\"\n";
			showEnvVarsInLog = 0;
		};
/* End PBXShellScriptBuildPhase section */

/* Begin PBXSourcesBuildPhase section */
		93B469491EB7C1830080C4F5 /* Sources */ = {
			isa = PBXSourcesBuildPhase;
			buildActionMask = 2147483647;
			files = (
				935A24D81EB9CA15004719CC /* ITJSONRepresentation+ITExtensions.m in Sources */,
				935A24E91EBB1CD0004719CC /* ITImageModel.swift in Sources */,
				934903CE1EB7CA0500589868 /* ITSwiftStudyApp.xcdatamodeld in Sources */,
				934903DA1EB7CAEB00589868 /* ITLoginViewController.swift in Sources */,
				934903D31EB7CAA600589868 /* ITDBImage.swift in Sources */,
				934903E11EB7D07C00589868 /* ITLoginView.swift in Sources */,
				935A25021EBE17FB004719CC /* ITImageView.swift in Sources */,
				935A24BA1EB9352D004719CC /* ITTableViewCell.swift in Sources */,
				935A25051EBE182F004719CC /* ITLoadingView.swift in Sources */,
				935A24AC1EB91ED0004719CC /* ITUsersViewController.swift in Sources */,
				935A25101EBE266D004719CC /* Array+ITExtensions.swift in Sources */,
				935A24E41EB9CB71004719CC /* ITBlockVariablesMacro.m in Sources */,
				935A250D1EBE2037004719CC /* UIView+ITExtensions.swift in Sources */,
				935A24DC1EB9CB36004719CC /* ITFBConstants.m in Sources */,
				935A24FA1EBD02FA004719CC /* NSString+ITExtensions.swift in Sources */,
				935A24FC1EBD030C004719CC /* FileManager+ITExtensions.swift in Sources */,
				935A24C51EB936BC004719CC /* UITableView+ITExtensions.swift in Sources */,
				934903DF1EB7CBBD00589868 /* UIWindow+ITExtensions.swift in Sources */,
				935A24AF1EB91EE9004719CC /* ITUsersView.swift in Sources */,
				935A24F01EBB1EF2004719CC /* ITObjectCache.swift in Sources */,
				935A24D41EB9C81C004719CC /* UINib+ITExtensions.m in Sources */,
				934903D51EB7CAA600589868 /* ITDBUser.swift in Sources */,
				935A24F31EBB2438004719CC /* ITDispatch+ITExtensions.swift in Sources */,
				935A24E51EB9CB71004719CC /* ITCompilerMacro.m in Sources */,
				935A24E61EB9CB71004719CC /* ITMacro.m in Sources */,
				935A24C11EB93629004719CC /* ITFBUserCell.swift in Sources */,
				93B469511EB7C1830080C4F5 /* AppDelegate.swift in Sources */,
				935A24CC1EB9C77F004719CC /* NSBundle+ITExtensions.m in Sources */,
				935A24D01EB9C7B0004719CC /* NSArray+ITExtensions.m in Sources */,
				935A250A1EBE1A86004719CC /* Bundle+ITExtensions.swift in Sources */,
				935A25001EBE17E8004719CC /* ITView.swift in Sources */,
			);
			runOnlyForDeploymentPostprocessing = 0;
		};
/* End PBXSourcesBuildPhase section */

/* Begin PBXVariantGroup section */
		93B469641EB7C4310080C4F5 /* LaunchScreen.storyboard */ = {
			isa = PBXVariantGroup;
			children = (
				93B469651EB7C4310080C4F5 /* Base */,
			);
			name = LaunchScreen.storyboard;
			sourceTree = "<group>";
		};
/* End PBXVariantGroup section */

/* Begin XCBuildConfiguration section */
		93B4695D1EB7C1830080C4F5 /* Debug */ = {
			isa = XCBuildConfiguration;
			buildSettings = {
				ALWAYS_SEARCH_USER_PATHS = NO;
				CLANG_ANALYZER_NONNULL = YES;
				CLANG_ANALYZER_NUMBER_OBJECT_CONVERSION = YES_AGGRESSIVE;
				CLANG_CXX_LANGUAGE_STANDARD = "gnu++0x";
				CLANG_CXX_LIBRARY = "libc++";
				CLANG_ENABLE_MODULES = YES;
				CLANG_ENABLE_OBJC_ARC = YES;
				CLANG_WARN_BOOL_CONVERSION = YES;
				CLANG_WARN_CONSTANT_CONVERSION = YES;
				CLANG_WARN_DIRECT_OBJC_ISA_USAGE = YES_ERROR;
				CLANG_WARN_DOCUMENTATION_COMMENTS = YES;
				CLANG_WARN_EMPTY_BODY = YES;
				CLANG_WARN_ENUM_CONVERSION = YES;
				CLANG_WARN_INFINITE_RECURSION = YES;
				CLANG_WARN_INT_CONVERSION = YES;
				CLANG_WARN_OBJC_ROOT_CLASS = YES_ERROR;
				CLANG_WARN_SUSPICIOUS_MOVE = YES;
				CLANG_WARN_UNREACHABLE_CODE = YES;
				CLANG_WARN__DUPLICATE_METHOD_MATCH = YES;
				"CODE_SIGN_IDENTITY[sdk=iphoneos*]" = "iPhone Developer";
				COPY_PHASE_STRIP = NO;
				DEBUG_INFORMATION_FORMAT = dwarf;
				ENABLE_STRICT_OBJC_MSGSEND = YES;
				ENABLE_TESTABILITY = YES;
				GCC_C_LANGUAGE_STANDARD = gnu99;
				GCC_DYNAMIC_NO_PIC = NO;
				GCC_NO_COMMON_BLOCKS = YES;
				GCC_OPTIMIZATION_LEVEL = 0;
				GCC_PREPROCESSOR_DEFINITIONS = (
					"DEBUG=1",
					"$(inherited)",
				);
				GCC_WARN_64_TO_32_BIT_CONVERSION = YES;
				GCC_WARN_ABOUT_RETURN_TYPE = YES_ERROR;
				GCC_WARN_UNDECLARED_SELECTOR = YES;
				GCC_WARN_UNINITIALIZED_AUTOS = YES_AGGRESSIVE;
				GCC_WARN_UNUSED_FUNCTION = YES;
				GCC_WARN_UNUSED_VARIABLE = YES;
				IPHONEOS_DEPLOYMENT_TARGET = 10.3;
				MTL_ENABLE_DEBUG_INFO = YES;
				ONLY_ACTIVE_ARCH = YES;
				SDKROOT = iphoneos;
				SWIFT_ACTIVE_COMPILATION_CONDITIONS = DEBUG;
				SWIFT_OPTIMIZATION_LEVEL = "-Onone";
			};
			name = Debug;
		};
		93B4695E1EB7C1830080C4F5 /* Release */ = {
			isa = XCBuildConfiguration;
			buildSettings = {
				ALWAYS_SEARCH_USER_PATHS = NO;
				CLANG_ANALYZER_NONNULL = YES;
				CLANG_ANALYZER_NUMBER_OBJECT_CONVERSION = YES_AGGRESSIVE;
				CLANG_CXX_LANGUAGE_STANDARD = "gnu++0x";
				CLANG_CXX_LIBRARY = "libc++";
				CLANG_ENABLE_MODULES = YES;
				CLANG_ENABLE_OBJC_ARC = YES;
				CLANG_WARN_BOOL_CONVERSION = YES;
				CLANG_WARN_CONSTANT_CONVERSION = YES;
				CLANG_WARN_DIRECT_OBJC_ISA_USAGE = YES_ERROR;
				CLANG_WARN_DOCUMENTATION_COMMENTS = YES;
				CLANG_WARN_EMPTY_BODY = YES;
				CLANG_WARN_ENUM_CONVERSION = YES;
				CLANG_WARN_INFINITE_RECURSION = YES;
				CLANG_WARN_INT_CONVERSION = YES;
				CLANG_WARN_OBJC_ROOT_CLASS = YES_ERROR;
				CLANG_WARN_SUSPICIOUS_MOVE = YES;
				CLANG_WARN_UNREACHABLE_CODE = YES;
				CLANG_WARN__DUPLICATE_METHOD_MATCH = YES;
				"CODE_SIGN_IDENTITY[sdk=iphoneos*]" = "iPhone Developer";
				COPY_PHASE_STRIP = NO;
				DEBUG_INFORMATION_FORMAT = "dwarf-with-dsym";
				ENABLE_NS_ASSERTIONS = NO;
				ENABLE_STRICT_OBJC_MSGSEND = YES;
				GCC_C_LANGUAGE_STANDARD = gnu99;
				GCC_NO_COMMON_BLOCKS = YES;
				GCC_WARN_64_TO_32_BIT_CONVERSION = YES;
				GCC_WARN_ABOUT_RETURN_TYPE = YES_ERROR;
				GCC_WARN_UNDECLARED_SELECTOR = YES;
				GCC_WARN_UNINITIALIZED_AUTOS = YES_AGGRESSIVE;
				GCC_WARN_UNUSED_FUNCTION = YES;
				GCC_WARN_UNUSED_VARIABLE = YES;
				IPHONEOS_DEPLOYMENT_TARGET = 10.3;
				MTL_ENABLE_DEBUG_INFO = NO;
				SDKROOT = iphoneos;
				SWIFT_OPTIMIZATION_LEVEL = "-Owholemodule";
				VALIDATE_PRODUCT = YES;
			};
			name = Release;
		};
		93B469601EB7C1830080C4F5 /* Debug */ = {
			isa = XCBuildConfiguration;
			baseConfigurationReference = CE7E9CA10A112878D8B5C53B /* Pods-ITSwiftStudy.debug.xcconfig */;
			buildSettings = {
				ALWAYS_EMBED_SWIFT_STANDARD_LIBRARIES = YES;
				ASSETCATALOG_COMPILER_APPICON_NAME = AppIcon;
				CLANG_ENABLE_MODULES = YES;
				DEVELOPMENT_TEAM = 2TPE62FV94;
				INFOPLIST_FILE = ITSwiftStudy/Info.plist;
				LD_RUNPATH_SEARCH_PATHS = "$(inherited) @executable_path/Frameworks";
				PRODUCT_BUNDLE_IDENTIFIER = IT.ITSwiftStudy;
				PRODUCT_NAME = "$(TARGET_NAME)";
				SWIFT_OBJC_BRIDGING_HEADER = "ITSwiftStudy/ITSwiftStudy-Bridging-Header.h";
				SWIFT_OPTIMIZATION_LEVEL = "-Onone";
				SWIFT_VERSION = 3.0;
			};
			name = Debug;
		};
		93B469611EB7C1830080C4F5 /* Release */ = {
			isa = XCBuildConfiguration;
			baseConfigurationReference = EEB36CF558C795F9E52A81F6 /* Pods-ITSwiftStudy.release.xcconfig */;
			buildSettings = {
				ALWAYS_EMBED_SWIFT_STANDARD_LIBRARIES = YES;
				ASSETCATALOG_COMPILER_APPICON_NAME = AppIcon;
				CLANG_ENABLE_MODULES = YES;
				DEVELOPMENT_TEAM = 2TPE62FV94;
				INFOPLIST_FILE = ITSwiftStudy/Info.plist;
				LD_RUNPATH_SEARCH_PATHS = "$(inherited) @executable_path/Frameworks";
				PRODUCT_BUNDLE_IDENTIFIER = IT.ITSwiftStudy;
				PRODUCT_NAME = "$(TARGET_NAME)";
				SWIFT_OBJC_BRIDGING_HEADER = "ITSwiftStudy/ITSwiftStudy-Bridging-Header.h";
				SWIFT_VERSION = 3.0;
			};
			name = Release;
		};
/* End XCBuildConfiguration section */

/* Begin XCConfigurationList section */
		93B469481EB7C1830080C4F5 /* Build configuration list for PBXProject "ITSwiftStudy" */ = {
			isa = XCConfigurationList;
			buildConfigurations = (
				93B4695D1EB7C1830080C4F5 /* Debug */,
				93B4695E1EB7C1830080C4F5 /* Release */,
			);
			defaultConfigurationIsVisible = 0;
			defaultConfigurationName = Release;
		};
		93B4695F1EB7C1830080C4F5 /* Build configuration list for PBXNativeTarget "ITSwiftStudy" */ = {
			isa = XCConfigurationList;
			buildConfigurations = (
				93B469601EB7C1830080C4F5 /* Debug */,
				93B469611EB7C1830080C4F5 /* Release */,
			);
			defaultConfigurationIsVisible = 0;
			defaultConfigurationName = Release;
		};
/* End XCConfigurationList section */

/* Begin XCVersionGroup section */
		934903CC1EB7CA0500589868 /* ITSwiftStudyApp.xcdatamodeld */ = {
			isa = XCVersionGroup;
			children = (
				934903CD1EB7CA0500589868 /* ITSwiftStudyApp.xcdatamodel */,
			);
			currentVersion = 934903CD1EB7CA0500589868 /* ITSwiftStudyApp.xcdatamodel */;
			path = ITSwiftStudyApp.xcdatamodeld;
			sourceTree = "<group>";
			versionGroupType = wrapper.xcdatamodel;
		};
/* End XCVersionGroup section */
	};
	rootObject = 93B469451EB7C1830080C4F5 /* Project object */;
}
