// !$*UTF8*$!
{
	archiveVersion = 1;
	classes = {
	};
	objectVersion = 46;
	objects = {

/* Begin PBXBuildFile section */
		93B469511EB7C1830080C4F5 /* AppDelegate.swift in Sources */ = {isa = PBXBuildFile; fileRef = 93B469501EB7C1830080C4F5 /* AppDelegate.swift */; };
		93B4696C1EB7C4310080C4F5 /* Assets.xcassets in Resources */ = {isa = PBXBuildFile; fileRef = 93B469631EB7C4310080C4F5 /* Assets.xcassets */; };
		93B4696D1EB7C4310080C4F5 /* LaunchScreen.storyboard in Resources */ = {isa = PBXBuildFile; fileRef = 93B469641EB7C4310080C4F5 /* LaunchScreen.storyboard */; };
		93B4696E1EB7C4310080C4F5 /* Main.storyboard in Resources */ = {isa = PBXBuildFile; fileRef = 93B469661EB7C4310080C4F5 /* Main.storyboard */; };
/* End PBXBuildFile section */

/* Begin PBXFileReference section */
		93B4694D1EB7C1830080C4F5 /* ITSwiftStudy.app */ = {isa = PBXFileReference; explicitFileType = wrapper.application; includeInIndex = 0; path = ITSwiftStudy.app; sourceTree = BUILT_PRODUCTS_DIR; };
		93B469501EB7C1830080C4F5 /* AppDelegate.swift */ = {isa = PBXFileReference; lastKnownFileType = sourcecode.swift; path = AppDelegate.swift; sourceTree = "<group>"; };
		93B4695C1EB7C1830080C4F5 /* Info.plist */ = {isa = PBXFileReference; lastKnownFileType = text.plist.xml; path = Info.plist; sourceTree = "<group>"; };
		93B469631EB7C4310080C4F5 /* Assets.xcassets */ = {isa = PBXFileReference; lastKnownFileType = folder.assetcatalog; path = Assets.xcassets; sourceTree = "<group>"; };
		93B469651EB7C4310080C4F5 /* Base */ = {isa = PBXFileReference; lastKnownFileType = file.storyboard; name = Base; path = Base.lproj/LaunchScreen.storyboard; sourceTree = "<group>"; };
		93B469671EB7C4310080C4F5 /* Base */ = {isa = PBXFileReference; lastKnownFileType = file.storyboard; name = Base; path = Base.lproj/Main.storyboard; sourceTree = "<group>"; };
/* End PBXFileReference section */

/* Begin PBXFrameworksBuildPhase section */
		93B4694A1EB7C1830080C4F5 /* Frameworks */ = {
			isa = PBXFrameworksBuildPhase;
			buildActionMask = 2147483647;
			files = (
			);
			runOnlyForDeploymentPostprocessing = 0;
		};
/* End PBXFrameworksBuildPhase section */

/* Begin PBXGroup section */
		93B469441EB7C1830080C4F5 = {
			isa = PBXGroup;
			children = (
				93B469681EB7C4310080C4F5 /* Source */,
				93B469621EB7C4310080C4F5 /* Resources */,
				93B4694F1EB7C1830080C4F5 /* ITSwiftStudy */,
				93B4694E1EB7C1830080C4F5 /* Products */,
			);
			sourceTree = "<group>";
		};
		93B4694E1EB7C1830080C4F5 /* Products */ = {
			isa = PBXGroup;
			children = (
				93B4694D1EB7C1830080C4F5 /* ITSwiftStudy.app */,
			);
			name = Products;
			sourceTree = "<group>";
		};
		93B4694F1EB7C1830080C4F5 /* ITSwiftStudy */ = {
			isa = PBXGroup;
			children = (
				93B469501EB7C1830080C4F5 /* AppDelegate.swift */,
				93B4695C1EB7C1830080C4F5 /* Info.plist */,
			);
			path = ITSwiftStudy;
			sourceTree = "<group>";
		};
		93B469621EB7C4310080C4F5 /* Resources */ = {
			isa = PBXGroup;
			children = (
				93B469631EB7C4310080C4F5 /* Assets.xcassets */,
				93B469641EB7C4310080C4F5 /* LaunchScreen.storyboard */,
				93B469661EB7C4310080C4F5 /* Main.storyboard */,
			);
			path = Resources;
			sourceTree = "<group>";
		};
		93B469681EB7C4310080C4F5 /* Source */ = {
			isa = PBXGroup;
			children = (
				93B469691EB7C4310080C4F5 /* Library */,
				93B4696A1EB7C4310080C4F5 /* Models */,
				93B4696B1EB7C4310080C4F5 /* UI */,
			);
			path = Source;
			sourceTree = "<group>";
		};
		93B469691EB7C4310080C4F5 /* Library */ = {
			isa = PBXGroup;
			children = (
			);
			path = Library;
			sourceTree = "<group>";
		};
		93B4696A1EB7C4310080C4F5 /* Models */ = {
			isa = PBXGroup;
			children = (
			);
			path = Models;
			sourceTree = "<group>";
		};
		93B4696B1EB7C4310080C4F5 /* UI */ = {
			isa = PBXGroup;
			children = (
			);
			path = UI;
			sourceTree = "<group>";
		};
/* End PBXGroup section */

/* Begin PBXNativeTarget section */
		93B4694C1EB7C1830080C4F5 /* ITSwiftStudy */ = {
			isa = PBXNativeTarget;
			buildConfigurationList = 93B4695F1EB7C1830080C4F5 /* Build configuration list for PBXNativeTarget "ITSwiftStudy" */;
			buildPhases = (
				93B469491EB7C1830080C4F5 /* Sources */,
				93B4694A1EB7C1830080C4F5 /* Frameworks */,
				93B4694B1EB7C1830080C4F5 /* Resources */,
			);
			buildRules = (
			);
			dependencies = (
			);
			name = ITSwiftStudy;
			productName = ITSwiftStudy;
			productReference = 93B4694D1EB7C1830080C4F5 /* ITSwiftStudy.app */;
			productType = "com.apple.product-type.application";
		};
/* End PBXNativeTarget section */

/* Begin PBXProject section */
		93B469451EB7C1830080C4F5 /* Project object */ = {
			isa = PBXProject;
			attributes = {
				LastSwiftUpdateCheck = 0830;
				LastUpgradeCheck = 0830;
				ORGANIZATIONNAME = "Ivan Tsyganok";
				TargetAttributes = {
					93B4694C1EB7C1830080C4F5 = {
						CreatedOnToolsVersion = 8.3.2;
						DevelopmentTeam = 2TPE62FV94;
						ProvisioningStyle = Automatic;
					};
				};
			};
			buildConfigurationList = 93B469481EB7C1830080C4F5 /* Build configuration list for PBXProject "ITSwiftStudy" */;
			compatibilityVersion = "Xcode 3.2";
			developmentRegion = English;
			hasScannedForEncodings = 0;
			knownRegions = (
				en,
				Base,
			);
			mainGroup = 93B469441EB7C1830080C4F5;
			productRefGroup = 93B4694E1EB7C1830080C4F5 /* Products */;
			projectDirPath = "";
			projectRoot = "";
			targets = (
				93B4694C1EB7C1830080C4F5 /* ITSwiftStudy */,
			);
		};
/* End PBXProject section */

/* Begin PBXResourcesBuildPhase section */
		93B4694B1EB7C1830080C4F5 /* Resources */ = {
			isa = PBXResourcesBuildPhase;
			buildActionMask = 2147483647;
			files = (
				93B4696E1EB7C4310080C4F5 /* Main.storyboard in Resources */,
				93B4696C1EB7C4310080C4F5 /* Assets.xcassets in Resources */,
				93B4696D1EB7C4310080C4F5 /* LaunchScreen.storyboard in Resources */,
			);
			runOnlyForDeploymentPostprocessing = 0;
		};
/* End PBXResourcesBuildPhase section */

/* Begin PBXSourcesBuildPhase section */
		93B469491EB7C1830080C4F5 /* Sources */ = {
			isa = PBXSourcesBuildPhase;
			buildActionMask = 2147483647;
			files = (
				93B469511EB7C1830080C4F5 /* AppDelegate.swift in Sources */,
			);
			runOnlyForDeploymentPostprocessing = 0;
		};
/* End PBXSourcesBuildPhase section */

/* Begin PBXVariantGroup section */
		93B469641EB7C4310080C4F5 /* LaunchScreen.storyboard */ = {
			isa = PBXVariantGroup;
			children = (
				93B469651EB7C4310080C4F5 /* Base */,
			);
			name = LaunchScreen.storyboard;
			sourceTree = "<group>";
		};
		93B469661EB7C4310080C4F5 /* Main.storyboard */ = {
			isa = PBXVariantGroup;
			children = (
				93B469671EB7C4310080C4F5 /* Base */,
			);
			name = Main.storyboard;
			sourceTree = "<group>";
		};
/* End PBXVariantGroup section */

/* Begin XCBuildConfiguration section */
		93B4695D1EB7C1830080C4F5 /* Debug */ = {
			isa = XCBuildConfiguration;
			buildSettings = {
				ALWAYS_SEARCH_USER_PATHS = NO;
				CLANG_ANALYZER_NONNULL = YES;
				CLANG_ANALYZER_NUMBER_OBJECT_CONVERSION = YES_AGGRESSIVE;
				CLANG_CXX_LANGUAGE_STANDARD = "gnu++0x";
				CLANG_CXX_LIBRARY = "libc++";
				CLANG_ENABLE_MODULES = YES;
				CLANG_ENABLE_OBJC_ARC = YES;
				CLANG_WARN_BOOL_CONVERSION = YES;
				CLANG_WARN_CONSTANT_CONVERSION = YES;
				CLANG_WARN_DIRECT_OBJC_ISA_USAGE = YES_ERROR;
				CLANG_WARN_DOCUMENTATION_COMMENTS = YES;
				CLANG_WARN_EMPTY_BODY = YES;
				CLANG_WARN_ENUM_CONVERSION = YES;
				CLANG_WARN_INFINITE_RECURSION = YES;
				CLANG_WARN_INT_CONVERSION = YES;
				CLANG_WARN_OBJC_ROOT_CLASS = YES_ERROR;
				CLANG_WARN_SUSPICIOUS_MOVE = YES;
				CLANG_WARN_UNREACHABLE_CODE = YES;
				CLANG_WARN__DUPLICATE_METHOD_MATCH = YES;
				"CODE_SIGN_IDENTITY[sdk=iphoneos*]" = "iPhone Developer";
				COPY_PHASE_STRIP = NO;
				DEBUG_INFORMATION_FORMAT = dwarf;
				ENABLE_STRICT_OBJC_MSGSEND = YES;
				ENABLE_TESTABILITY = YES;
				GCC_C_LANGUAGE_STANDARD = gnu99;
				GCC_DYNAMIC_NO_PIC = NO;
				GCC_NO_COMMON_BLOCKS = YES;
				GCC_OPTIMIZATION_LEVEL = 0;
				GCC_PREPROCESSOR_DEFINITIONS = (
					"DEBUG=1",
					"$(inherited)",
				);
				GCC_WARN_64_TO_32_BIT_CONVERSION = YES;
				GCC_WARN_ABOUT_RETURN_TYPE = YES_ERROR;
				GCC_WARN_UNDECLARED_SELECTOR = YES;
				GCC_WARN_UNINITIALIZED_AUTOS = YES_AGGRESSIVE;
				GCC_WARN_UNUSED_FUNCTION = YES;
				GCC_WARN_UNUSED_VARIABLE = YES;
				IPHONEOS_DEPLOYMENT_TARGET = 10.3;
				MTL_ENABLE_DEBUG_INFO = YES;
				ONLY_ACTIVE_ARCH = YES;
				SDKROOT = iphoneos;
				SWIFT_ACTIVE_COMPILATION_CONDITIONS = DEBUG;
				SWIFT_OPTIMIZATION_LEVEL = "-Onone";
			};
			name = Debug;
		};
		93B4695E1EB7C1830080C4F5 /* Release */ = {
			isa = XCBuildConfiguration;
			buildSettings = {
				ALWAYS_SEARCH_USER_PATHS = NO;
				CLANG_ANALYZER_NONNULL = YES;
				CLANG_ANALYZER_NUMBER_OBJECT_CONVERSION = YES_AGGRESSIVE;
				CLANG_CXX_LANGUAGE_STANDARD = "gnu++0x";
				CLANG_CXX_LIBRARY = "libc++";
				CLANG_ENABLE_MODULES = YES;
				CLANG_ENABLE_OBJC_ARC = YES;
				CLANG_WARN_BOOL_CONVERSION = YES;
				CLANG_WARN_CONSTANT_CONVERSION = YES;
				CLANG_WARN_DIRECT_OBJC_ISA_USAGE = YES_ERROR;
				CLANG_WARN_DOCUMENTATION_COMMENTS = YES;
				CLANG_WARN_EMPTY_BODY = YES;
				CLANG_WARN_ENUM_CONVERSION = YES;
				CLANG_WARN_INFINITE_RECURSION = YES;
				CLANG_WARN_INT_CONVERSION = YES;
				CLANG_WARN_OBJC_ROOT_CLASS = YES_ERROR;
				CLANG_WARN_SUSPICIOUS_MOVE = YES;
				CLANG_WARN_UNREACHABLE_CODE = YES;
				CLANG_WARN__DUPLICATE_METHOD_MATCH = YES;
				"CODE_SIGN_IDENTITY[sdk=iphoneos*]" = "iPhone Developer";
				COPY_PHASE_STRIP = NO;
				DEBUG_INFORMATION_FORMAT = "dwarf-with-dsym";
				ENABLE_NS_ASSERTIONS = NO;
				ENABLE_STRICT_OBJC_MSGSEND = YES;
				GCC_C_LANGUAGE_STANDARD = gnu99;
				GCC_NO_COMMON_BLOCKS = YES;
				GCC_WARN_64_TO_32_BIT_CONVERSION = YES;
				GCC_WARN_ABOUT_RETURN_TYPE = YES_ERROR;
				GCC_WARN_UNDECLARED_SELECTOR = YES;
				GCC_WARN_UNINITIALIZED_AUTOS = YES_AGGRESSIVE;
				GCC_WARN_UNUSED_FUNCTION = YES;
				GCC_WARN_UNUSED_VARIABLE = YES;
				IPHONEOS_DEPLOYMENT_TARGET = 10.3;
				MTL_ENABLE_DEBUG_INFO = NO;
				SDKROOT = iphoneos;
				SWIFT_OPTIMIZATION_LEVEL = "-Owholemodule";
				VALIDATE_PRODUCT = YES;
			};
			name = Release;
		};
		93B469601EB7C1830080C4F5 /* Debug */ = {
			isa = XCBuildConfiguration;
			buildSettings = {
				ASSETCATALOG_COMPILER_APPICON_NAME = AppIcon;
				DEVELOPMENT_TEAM = 2TPE62FV94;
				INFOPLIST_FILE = ITSwiftStudy/Info.plist;
				LD_RUNPATH_SEARCH_PATHS = "$(inherited) @executable_path/Frameworks";
				PRODUCT_BUNDLE_IDENTIFIER = IT.ITSwiftStudy;
				PRODUCT_NAME = "$(TARGET_NAME)";
				SWIFT_VERSION = 3.0;
			};
			name = Debug;
		};
		93B469611EB7C1830080C4F5 /* Release */ = {
			isa = XCBuildConfiguration;
			buildSettings = {
				ASSETCATALOG_COMPILER_APPICON_NAME = AppIcon;
				DEVELOPMENT_TEAM = 2TPE62FV94;
				INFOPLIST_FILE = ITSwiftStudy/Info.plist;
				LD_RUNPATH_SEARCH_PATHS = "$(inherited) @executable_path/Frameworks";
				PRODUCT_BUNDLE_IDENTIFIER = IT.ITSwiftStudy;
				PRODUCT_NAME = "$(TARGET_NAME)";
				SWIFT_VERSION = 3.0;
			};
			name = Release;
		};
/* End XCBuildConfiguration section */

/* Begin XCConfigurationList section */
		93B469481EB7C1830080C4F5 /* Build configuration list for PBXProject "ITSwiftStudy" */ = {
			isa = XCConfigurationList;
			buildConfigurations = (
				93B4695D1EB7C1830080C4F5 /* Debug */,
				93B4695E1EB7C1830080C4F5 /* Release */,
			);
			defaultConfigurationIsVisible = 0;
			defaultConfigurationName = Release;
		};
		93B4695F1EB7C1830080C4F5 /* Build configuration list for PBXNativeTarget "ITSwiftStudy" */ = {
			isa = XCConfigurationList;
			buildConfigurations = (
				93B469601EB7C1830080C4F5 /* Debug */,
				93B469611EB7C1830080C4F5 /* Release */,
			);
			defaultConfigurationIsVisible = 0;
			defaultConfigurationName = Release;
		};
/* End XCConfigurationList section */
	};
	rootObject = 93B469451EB7C1830080C4F5 /* Project object */;
}
